[[dependencies]]
name = "@openzeppelin-contracts"
version = "5.1.0"
url = "https://soldeer-revisions.s3.amazonaws.com/@openzeppelin-contracts/5_1_0_19-10-2024_10:28:52_contracts.zip"
checksum = "fd3d1ea561cb27897008aee18ada6e85f248eb161c86e4435272fc2b5777574f"
integrity = "cb6cf6e878f2943b2291d5636a9d72ac51d43d8135896ceb6cf88d36c386f212"

[[dependencies]]
name = "@openzeppelin-contracts-upgradeable"
version = "5.1.0"
url = "https://soldeer-revisions.s3.amazonaws.com/@openzeppelin-contracts-upgradeable/5_1_0_19-10-2024_10:28:58_contracts-upgradeable.zip"
checksum = "87854223d14941d6fda3d78d900217e79e25755ea5bc48beca035766fa6a4e7e"
integrity = "826fb621339dcee4261f848b283ec86364743d3c289d61f621747d95e315215a"

[[dependencies]]
name = "clones-with-immutable-args"
version = "1.1.1"
git = "https://github.com/wighawag/clones-with-immutable-args.git"
rev = "196f1ecc6485c1bf2d41677fa01d3df4927ff9ce"

[[dependencies]]
name = "euler-price-oracle"
version = "1"
git = "https://github.com/Storm-Labs-Inc/euler-price-oracle.git"
rev = "511ee550b082870d248a4e50491a6a9042cb011d"

[[dependencies]]
name = "farming"
version = "3.2.0"
git = "https://github.com/1inch/farming.git"
rev = "b4e59e415352d3233ccd3c339d845a1eb2e1139b"

[[dependencies]]
name = "forge-deploy"
version = "1"
git = "https://github.com/Storm-Labs-Inc/forge-deploy.git"
rev = "2a0c1987ca8a619fd41a0cc546706ebf38a2d4af"

[[dependencies]]
name = "forge-safe"
version = "1"
git = "https://github.com/Storm-Labs-Inc/forge-safe.git"
rev = "8175a6a60844b86d36b3089fe08c584121c7658d"

[[dependencies]]
name = "forge-std"
version = "1.9.6"
url = "https://soldeer-revisions.s3.amazonaws.com/forge-std/1_9_6_01-02-2025_20:49:10_forge-std-1.9.zip"
checksum = "55f341818321b3f925161a72fd0dcd62e4a0a4b66785a7a932bf2bfaf96fb9d1"
integrity = "e9ecdc364d152157431e5df5aa041ffddbe9bb1c1ad81634b1e72df9e23814e8"

[[dependencies]]
name = "lifinance/create3-factory"
version = "0"
git = "https://github.com/lifinance/create3-factory.git"
rev = "93b667acda0dafcafb6e193610b421ea003f46a9"

[[dependencies]]
name = "solady"
version = "0.1.17"
url = "https://soldeer-revisions.s3.amazonaws.com/solady/0_1_17_30-04-2025_11:52:21_solady.zip"
checksum = "e4b8bb231bd4c1625749beb2159a46314ca84df00476da895a287543ffb69c99"
integrity = "71f93f254f7653d8e0ccc3e7405c0b71746c03ee4bf43ad04967301e0977d301"

[[dependencies]]
name = "solidity-utils"
version = "5.3.0"
git = "https://github.com/1inch/solidity-utils.git"
rev = "2a69e2ea6c7551cfae4731752a579de9564b263e"

[[dependencies]]
name = "token-plugins-upgradeable"
version = "1"
git = "https://github.com/Storm-Labs-Inc/token-plugins-upgradeable.git"
rev = "439806ce46954563a921059b6d44f792f4375312"
